
Microsoft Visual Studio Solution File, Format Version 12.00
# Visual Studio 15
VisualStudioVersion = 15.0.28307.271
MinimumVisualStudioVersion = 10.0.40219.1
Project("{FAE04EC0-301F-11D3-BF4B-00C04F79EFBC}") = "StringPrograms", "StringPrograms\StringPrograms.csproj", "{1CB4CCAE-F3E3-4F78-87F1-D92D6519AD36}"
EndProject
Project("{FAE04EC0-301F-11D3-BF4B-00C04F79EFBC}") = "Patterns", "Patterns\Patterns.csproj", "{BAA20CD3-748C-46A3-A145-A1839D5D98D6}"
EndProject
Global
	GlobalSection(SolutionConfigurationPlatforms) = preSolution
		Debug|Any CPU = Debug|Any CPU
		Release|Any CPU = Release|Any CPU
	EndGlobalSection
	GlobalSection(ProjectConfigurationPlatforms) = postSolution
		{1CB4CCAE-F3E3-4F78-87F1-D92D6519AD36}.Debug|Any CPU.ActiveCfg = Debug|Any CPU
		{1CB4CCAE-F3E3-4F78-87F1-D92D6519AD36}.Debug|Any CPU.Build.0 = Debug|Any CPU
		{1CB4CCAE-F3E3-4F78-87F1-D92D6519AD36}.Release|Any CPU.ActiveCfg = Release|Any CPU
		{1CB4CCAE-F3E3-4F78-87F1-D92D6519AD36}.Release|Any CPU.Build.0 = Release|Any CPU
		{BAA20CD3-748C-46A3-A145-A1839D5D98D6}.Debug|Any CPU.ActiveCfg = Debug|Any CPU
		{BAA20CD3-748C-46A3-A145-A1839D5D98D6}.Debug|Any CPU.Build.0 = Debug|Any CPU
		{BAA20CD3-748C-46A3-A145-A1839D5D98D6}.Release|Any CPU.ActiveCfg = Release|Any CPU
		{BAA20CD3-748C-46A3-A145-A1839D5D98D6}.Release|Any CPU.Build.0 = Release|Any CPU
	EndGlobalSection
	GlobalSection(SolutionProperties) = preSolution
		HideSolutionNode = FALSE
	EndGlobalSection
	GlobalSection(ExtensibilityGlobals) = postSolution
		SolutionGuid = {0559B73A-45A8-4EA3-BE62-84DE2D27DB6F}
	EndGlobalSection
EndGlobal
